
Microsoft Visual Studio Solution File, Format Version 12.00
# Visual Studio Version 17
VisualStudioVersion = 17.7.34031.279
MinimumVisualStudioVersion = 10.0.40219.1
Project("{FAE04EC0-301F-11D3-BF4B-00C04F79EFBC}") = "Day2Part2", "Day2Part2.csproj", "{8A85FDF5-945B-46AD-9D0D-1F76F63EABC0}"
EndProject
Global
	GlobalSection(SolutionConfigurationPlatforms) = preSolution
		Debug|Any CPU = Debug|Any CPU
		Release|Any CPU = Release|Any CPU
	EndGlobalSection
	GlobalSection(ProjectConfigurationPlatforms) = postSolution
		{8A85FDF5-945B-46AD-9D0D-1F76F63EABC0}.Debug|Any CPU.ActiveCfg = Debug|Any CPU
		{8A85FDF5-945B-46AD-9D0D-1F76F63EABC0}.Debug|Any CPU.Build.0 = Debug|Any CPU
		{8A85FDF5-945B-46AD-9D0D-1F76F63EABC0}.Release|Any CPU.ActiveCfg = Release|Any CPU
		{8A85FDF5-945B-46AD-9D0D-1F76F63EABC0}.Release|Any CPU.Build.0 = Release|Any CPU
	EndGlobalSection
	GlobalSection(SolutionProperties) = preSolution
		HideSolutionNode = FALSE
	EndGlobalSection
	GlobalSection(ExtensibilityGlobals) = postSolution
		SolutionGuid = {06A5034E-61EF-437F-A232-53AAFEF58AE5}
	EndGlobalSection
EndGlobal
